
Microsoft Visual Studio Solution File, Format Version 12.00
# Visual Studio Version 17
VisualStudioVersion = 17.11.35327.3
MinimumVisualStudioVersion = 10.0.40219.1
Project("{FAE04EC0-301F-11D3-BF4B-00C04F79EFBC}") = "ConsoleApp1", "ConsoleApp1.csproj", "{C928404B-7A29-4AE1-A6C6-CED41CBDCBF1}"
EndProject
Global
	GlobalSection(SolutionConfigurationPlatforms) = preSolution
		Debug|Any CPU = Debug|Any CPU
		Release|Any CPU = Release|Any CPU
	EndGlobalSection
	GlobalSection(ProjectConfigurationPlatforms) = postSolution
		{C928404B-7A29-4AE1-A6C6-CED41CBDCBF1}.Debug|Any CPU.ActiveCfg = Debug|Any CPU
		{C928404B-7A29-4AE1-A6C6-CED41CBDCBF1}.Debug|Any CPU.Build.0 = Debug|Any CPU
		{C928404B-7A29-4AE1-A6C6-CED41CBDCBF1}.Release|Any CPU.ActiveCfg = Release|Any CPU
		{C928404B-7A29-4AE1-A6C6-CED41CBDCBF1}.Release|Any CPU.Build.0 = Release|Any CPU
	EndGlobalSection
	GlobalSection(SolutionProperties) = preSolution
		HideSolutionNode = FALSE
	EndGlobalSection
	GlobalSection(ExtensibilityGlobals) = postSolution
		SolutionGuid = {8FE8F7BC-17BA-4E92-AD90-E1F3D4BCB376}
	EndGlobalSection
EndGlobal
