
Microsoft Visual Studio Solution File, Format Version 12.00
# Visual Studio Version 17
VisualStudioVersion = 17.11.35327.3
MinimumVisualStudioVersion = 10.0.40219.1
Project("{FAE04EC0-301F-11D3-BF4B-00C04F79EFBC}") = "ConsoleApp1", "ConsoleApp1.csproj", "{04BA72F2-B9E9-40CE-A8E6-CE998A101316}"
EndProject
Global
	GlobalSection(SolutionConfigurationPlatforms) = preSolution
		Debug|Any CPU = Debug|Any CPU
		Release|Any CPU = Release|Any CPU
	EndGlobalSection
	GlobalSection(ProjectConfigurationPlatforms) = postSolution
		{04BA72F2-B9E9-40CE-A8E6-CE998A101316}.Debug|Any CPU.ActiveCfg = Debug|Any CPU
		{04BA72F2-B9E9-40CE-A8E6-CE998A101316}.Debug|Any CPU.Build.0 = Debug|Any CPU
		{04BA72F2-B9E9-40CE-A8E6-CE998A101316}.Release|Any CPU.ActiveCfg = Release|Any CPU
		{04BA72F2-B9E9-40CE-A8E6-CE998A101316}.Release|Any CPU.Build.0 = Release|Any CPU
	EndGlobalSection
	GlobalSection(SolutionProperties) = preSolution
		HideSolutionNode = FALSE
	EndGlobalSection
	GlobalSection(ExtensibilityGlobals) = postSolution
		SolutionGuid = {83DCABE4-730F-44A8-AC25-91F3064FAB0B}
	EndGlobalSection
EndGlobal
